
Microsoft Visual Studio Solution File, Format Version 12.00
# Visual Studio Version 17
VisualStudioVersion = 17.7.34031.279
MinimumVisualStudioVersion = 10.0.40219.1
Project("{9A19103F-16F7-4668-BE54-9A1E7A4F7556}") = "WpfApp5", "WpfApp5\WpfApp5.csproj", "{A9F12668-465A-4FE5-95F9-1BB032A7B825}"
EndProject
Project("{FAE04EC0-301F-11D3-BF4B-00C04F79EFBC}") = "TestProject5", "TestProject5\TestProject5.csproj", "{C7C47EDF-E1AE-43F2-9F15-AB5629B7325B}"
EndProject
Global
	GlobalSection(SolutionConfigurationPlatforms) = preSolution
		Debug|Any CPU = Debug|Any CPU
		Release|Any CPU = Release|Any CPU
	EndGlobalSection
	GlobalSection(ProjectConfigurationPlatforms) = postSolution
		{A9F12668-465A-4FE5-95F9-1BB032A7B825}.Debug|Any CPU.ActiveCfg = Debug|Any CPU
		{A9F12668-465A-4FE5-95F9-1BB032A7B825}.Debug|Any CPU.Build.0 = Debug|Any CPU
		{A9F12668-465A-4FE5-95F9-1BB032A7B825}.Release|Any CPU.ActiveCfg = Release|Any CPU
		{A9F12668-465A-4FE5-95F9-1BB032A7B825}.Release|Any CPU.Build.0 = Release|Any CPU
		{C7C47EDF-E1AE-43F2-9F15-AB5629B7325B}.Debug|Any CPU.ActiveCfg = Debug|Any CPU
		{C7C47EDF-E1AE-43F2-9F15-AB5629B7325B}.Debug|Any CPU.Build.0 = Debug|Any CPU
		{C7C47EDF-E1AE-43F2-9F15-AB5629B7325B}.Release|Any CPU.ActiveCfg = Release|Any CPU
		{C7C47EDF-E1AE-43F2-9F15-AB5629B7325B}.Release|Any CPU.Build.0 = Release|Any CPU
	EndGlobalSection
	GlobalSection(SolutionProperties) = preSolution
		HideSolutionNode = FALSE
	EndGlobalSection
	GlobalSection(ExtensibilityGlobals) = postSolution
		SolutionGuid = {2257AE3E-E7E5-4646-A2FE-F110C37CB2A9}
	EndGlobalSection
EndGlobal
